{
    "default": {
        "Flask-Sockets": {
            "version": "==0.2.1",
            "hash": "sha256:350a76d55f5889f64afd2ca9b32f262680b7960965f0830365576307d30cfe1e"
        },
        "gevent-websocket": {
            "version": "==0.9.5",
            "hash": "sha256:0091d6e6aa7298510cadcccb8068e1097a50d4e19090d0c055a93068d4530056"
        },
        "Flask": {
            "version": "==0.12",
            "hash": "sha256:7f03bb2c255452444f7265eddb51601806e5447b6f8a2d50bbc77a654a14c118"
        },
        "MarkupSafe": {
            "version": "==1.0",
            "hash": "sha256:a6be69091dac236ea9c6bc7d012beab42010fa914c459791d627dad4910eb665"
        },
        "gevent": {
            "version": "==1.2.1",
            "hash": "sha256:5b9ba1abd75ed7e3d667dd52baba60e902ab0de583aa92d5f80c6fecdae06a28"
        },
        "Jinja2": {
            "version": "==2.9.5",
            "hash": "sha256:a7b7438120dbe76a8e735ef7eba6048eaf4e0b7dbc530e100812f8ec462a4d50"
        },
        "Werkzeug": {
            "version": "==0.11.15",
            "hash": "sha256:c6f6f89124df0514d886782c658c3e12f2caaa94da34cee3fd82eebf4ebf052b"
        },
        "keyboard": {
            "version": "==0.9.12",
            "hash": "sha256:a85357c79142dd90b2508ce7f8828b112486817a455b7bb51af78747b293c711"
        },
        "greenlet": {
            "version": "==0.4.12",
            "hash": "sha256:21232907c8c26838b16915bd8fbbf82fc70c996073464cc70981dd4a96bc841c"
        },
        "itsdangerous": {
            "version": "==0.24",
            "hash": "sha256:cbb3fcf8d3e33df861709ecaf89d9e6629cff0a217bc2848f1b41cd30d360519"
        },
        "click": {
            "version": "==6.7",
            "hash": "sha256:29f99fc6125fbc931b758dc053b3114e55c77a6e4c6c3a2674a2dc986016381d"
        }
    },
    "develop": {
        "pexpect": {
            "version": "==4.2.1",
            "hash": "sha256:f853b52afaf3b064d29854771e2db509ef80392509bde2dd7a6ecf2dfc3f0018"
        },
        "backports.shutil-get-terminal-size": {
            "version": "==1.0.0",
            "hash": "sha256:0975ba55054c15e346944b38956a4c9cbee9009391e41b86c68990effb8c1f64"
        },
        "pygments": {
            "version": "==2.2.0",
            "hash": "sha256:78f3f434bcc5d6ee09020f92ba487f95ba50f1e3ef83ae96b9d5ffa1bab25c5d"
        },
        "pickleshare": {
            "version": "==0.7.4",
            "hash": "sha256:c9a2541f25aeabc070f12f452e1f2a8eae2abd51e1cd19e8430402bdf4c1d8b5"
        },
        "six": {
            "version": "==1.10.0",
            "hash": "sha256:0ff78c403d9bccf5a425a6d31a12aa6b47f1c21ca4dc2573a7e2f32a97335eb1"
        },
        "wcwidth": {
            "version": "==0.1.7",
            "hash": "sha256:f4ebe71925af7b40a864553f761ed559b43544f8f71746c2d756c7fe788ade7c"
        },
        "ptyprocess": {
            "version": "==0.5.1",
            "hash": "sha256:464cb76f7a7122743dd25507650db89cd447c51f38e4671602b3eaa2e38e05ae"
        },
        "ipython-genutils": {
            "version": "==0.1.0",
            "hash": "sha256:6218e9abd612fb5acfb175ea7c7b026006de4df9691d9a73c9b390cfa1a41c2b"
        },
        "packaging": {
            "version": "==16.8",
            "hash": "sha256:99276dc6e3a7851f32027a68f1095cd3f77c148091b092ea867a351811cfe388"
        },
        "enum34": {
            "version": "==1.1.6",
            "hash": "sha256:6bd0f6ad48ec2aa117d3d141940d484deccda84d4fcd884f5c3d93c23ecd8c79"
        },
        "traitlets": {
            "version": "==4.3.2",
            "hash": "sha256:c6cb5e6f57c5a9bdaa40fa71ce7b4af30298fbab9ece9815b5d995ab6217c7d9"
        },
        "decorator": {
            "version": "==4.0.11",
            "hash": "sha256:73cbaadb8bc4e3c65fe1100773d56331a2d756cc0f5c7b9d8d5d5223fe04f600"
        },
        "setuptools": {
            "version": "==34.3.1",
            "hash": "sha256:9349b47bcdef2e695065791260f9416b7aae8739fd30c6849f807bce5281d046"
        },
        "prompt-toolkit": {
            "version": "==1.0.13",
            "hash": "sha256:92e946fc7b87417924605b0d688347cba85048f958fb6a929db032f1380719a3"
        },
        "ipython": {
            "version": "==5.3.0",
            "hash": "sha256:fb342e89069c9ef176063b14888d7fe774253762f1eda19f09332f1440e6f3c7"
        },
        "pathlib2": {
            "version": "==2.2.1",
            "hash": "sha256:31b7bac38144612b18fb55adc4285e34a766ae64fdb1200c72e0b0cdd632ef4b"
        },
        "pyparsing": {
            "version": "==2.2.0",
            "hash": "sha256:fee43f17a9c4087e7ed1605bd6df994c6173c1e977d7ade7b651292fab2bd010"
        },
        "simplegeneric": {
            "version": "==0.8.1",
            "hash": "sha256:dc972e06094b9af5b855b3df4a646395e43d1c9d0d39ed345b7393560d0b9173"
        },
        "appdirs": {
            "version": "==1.4.3",
            "hash": "sha256:d8b24664561d0d34ddfaec54636d502d7cea6e29c3eaf68f3df6180863e2166e"
        },
        "scandir": {
            "version": "==1.5",
            "hash": "sha256:c2612d1a487d80fb4701b4a91ca1b8f8a695b1ae820570815e85e8c8b23f1283"
        }
    },
    "_meta": {
        "sources": [
            {
                "url": "https://pypi.python.org/simple",
                "verify_ssl": true
            }
        ],
        "requires": {},
        "hash": {
            "sha256": "5fbcd2f44b5672c70924c9944f17aa8e1e9dd8f34a2f0b39565042d1c9f4b710"
        }
    }
}